
Microsoft Visual Studio Solution File, Format Version 12.00
# Visual Studio Version 16
VisualStudioVersion = 16.0.30621.155
MinimumVisualStudioVersion = 10.0.40219.1
Project("{FAE04EC0-301F-11D3-BF4B-00C04F79EFBC}") = "FTPZ", "FTPZ\FTPZ.csproj", "{65B14B32-7941-41A4-9859-3388597A24C4}"
EndProject
Global
	GlobalSection(SolutionConfigurationPlatforms) = preSolution
		Debug|Any CPU = Debug|Any CPU
		Release|Any CPU = Release|Any CPU
	EndGlobalSection
	GlobalSection(ProjectConfigurationPlatforms) = postSolution
		{65B14B32-7941-41A4-9859-3388597A24C4}.Debug|Any CPU.ActiveCfg = Debug|Any CPU
		{65B14B32-7941-41A4-9859-3388597A24C4}.Debug|Any CPU.Build.0 = Debug|Any CPU
		{65B14B32-7941-41A4-9859-3388597A24C4}.Release|Any CPU.ActiveCfg = Release|Any CPU
		{65B14B32-7941-41A4-9859-3388597A24C4}.Release|Any CPU.Build.0 = Release|Any CPU
	EndGlobalSection
	GlobalSection(SolutionProperties) = preSolution
		HideSolutionNode = FALSE
	EndGlobalSection
	GlobalSection(ExtensibilityGlobals) = postSolution
		SolutionGuid = {FB072706-57B1-4ECD-A02C-44E3BD7E1CF1}
	EndGlobalSection
EndGlobal
